
Microsoft Visual Studio Solution File, Format Version 12.00
# Visual Studio 15
VisualStudioVersion = 15.0.26730.16
MinimumVisualStudioVersion = 10.0.40219.1
Project("{FAE04EC0-301F-11D3-BF4B-00C04F79EFBC}") = "BeerStore", "BeerStore\BeerStore.csproj", "{B9DE0C4B-C20B-4B7C-BD49-07785D9E05F0}"
EndProject
Global
	GlobalSection(SolutionConfigurationPlatforms) = preSolution
		Debug|Any CPU = Debug|Any CPU
		Release|Any CPU = Release|Any CPU
	EndGlobalSection
	GlobalSection(ProjectConfigurationPlatforms) = postSolution
		{B9DE0C4B-C20B-4B7C-BD49-07785D9E05F0}.Debug|Any CPU.ActiveCfg = Debug|Any CPU
		{B9DE0C4B-C20B-4B7C-BD49-07785D9E05F0}.Debug|Any CPU.Build.0 = Debug|Any CPU
		{B9DE0C4B-C20B-4B7C-BD49-07785D9E05F0}.Release|Any CPU.ActiveCfg = Release|Any CPU
		{B9DE0C4B-C20B-4B7C-BD49-07785D9E05F0}.Release|Any CPU.Build.0 = Release|Any CPU
	EndGlobalSection
	GlobalSection(SolutionProperties) = preSolution
		HideSolutionNode = FALSE
	EndGlobalSection
	GlobalSection(ExtensibilityGlobals) = postSolution
		SolutionGuid = {07F859BC-59C0-45A4-97EA-DBD29A1D1676}
	EndGlobalSection
EndGlobal
